{
  "version": 4,
  "terraform_version": "0.12.12",
  "serial": 6,
  "lineage": "e2de78e3-b3ef-88f9-3423-f94dfa46569a",
  "outputs": {},
  "resources": [
    {
      "mode": "managed",
      "type": "google_compute_firewall",
      "name": "default",
      "provider": "provider.google",
      "instances": [
        {
          "schema_version": 1,
          "attributes": {
            "allow": [
              {
                "ports": [
                  "8080"
                ],
                "protocol": "tcp"
              }
            ],
            "creation_timestamp": "2019-11-18T01:35:39.405-08:00",
            "deny": [],
            "description": "",
            "destination_ranges": [],
            "direction": "INGRESS",
            "disabled": false,
            "id": "projects/freevmproject/global/firewalls/firewall-8080",
            "name": "firewall-8080",
            "network": "https://www.googleapis.com/compute/v1/projects/freevmproject/global/networks/default",
            "priority": 1000,
            "project": "freevmproject",
            "self_link": "https://www.googleapis.com/compute/v1/projects/freevmproject/global/firewalls/firewall-8080",
            "source_ranges": [
              "0.0.0.0/0"
            ],
            "source_service_accounts": [],
            "source_tags": [],
            "target_service_accounts": [],
            "target_tags": [],
            "timeouts": null
          },
          "private": "eyJlMmJmYjczMC1lY2FhLTExZTYtOGY4OC0zNDM2M2JjN2M0YzAiOnsiY3JlYXRlIjoyNDAwMDAwMDAwMDAsImRlbGV0ZSI6MjQwMDAwMDAwMDAwLCJ1cGRhdGUiOjI0MDAwMDAwMDAwMH0sInNjaGVtYV92ZXJzaW9uIjoiMSJ9"
        }
      ]
    },
    {
      "mode": "managed",
      "type": "google_compute_instance",
      "name": "default",
      "provider": "provider.google",
      "instances": [
        {
          "schema_version": 6,
          "attributes": {
            "allow_stopping_for_update": null,
            "attached_disk": [],
            "boot_disk": [
              {
                "auto_delete": true,
                "device_name": "persistent-disk-0",
                "disk_encryption_key_raw": "",
                "disk_encryption_key_sha256": "",
                "initialize_params": [
                  {
                    "image": "https://www.googleapis.com/compute/v1/projects/centos-cloud/global/images/centos-7-v20191014",
                    "labels": {},
                    "size": 10,
                    "type": "pd-standard"
                  }
                ],
                "kms_key_self_link": "",
                "mode": "READ_WRITE",
                "source": "https://www.googleapis.com/compute/v1/projects/freevmproject/zones/us-central1-a/disks/firstvm"
              }
            ],
            "can_ip_forward": false,
            "cpu_platform": "Intel Haswell",
            "deletion_protection": false,
            "description": "",
            "enable_display": false,
            "guest_accelerator": [],
            "hostname": "",
            "id": "projects/freevmproject/zones/us-central1-a/instances/firstvm",
            "instance_id": "8814036019092380419",
            "label_fingerprint": "42WmSpB8rSM=",
            "labels": {},
            "machine_type": "f1-micro",
            "metadata": {
              "ssh-keys": "maksim_niakhai:ssh-rsa AAAAB3NzaC1yc2EAAAADAQABAAABAQDK9Etw2+ep6sxReLT2/gRQuDrAxcLzxs3ZhINT1hlzA39BsuQ/+ezGWR5FftbrDHcUfdZOUlRcXHZglLQOQyyVE81t4W1zt31ipheETCzFKVxPXDEf+H0XiDvxWEA6VnU9C1ZP3/qc/uVbb2zubVbEp6Rzi76aw+Ri1QfAgI2RdvGqpYLfLoWvOVzWl/WcSKervQ905fS4uvhP+9XM0lp5XTdZpY8CgTOLBV8EXdtfgsqEqQevEuwJPfQHk6RunuGyGYaUgzn34bIfp5p404pqje0IA14lwS8e/6Tc3Ui7ASvlXLKUEjCQRyWm96Yw5rLzxXgV0XgXu5I2alZg91k7 maksim_niakhai\n"
            },
            "metadata_fingerprint": "1-34zxfpVMo=",
            "metadata_startup_script": "yum -y update; yum -y install epel-repo; yum -y update; yum -y install ansible",
            "min_cpu_platform": "",
            "name": "firstvm",
            "network_interface": [
              {
                "access_config": [
                  {
                    "nat_ip": "104.197.108.238",
                    "network_tier": "PREMIUM",
                    "public_ptr_domain_name": ""
                  }
                ],
                "alias_ip_range": [],
                "name": "nic0",
                "network": "https://www.googleapis.com/compute/v1/projects/freevmproject/global/networks/default",
                "network_ip": "10.128.0.11",
                "subnetwork": "https://www.googleapis.com/compute/v1/projects/freevmproject/regions/us-central1/subnetworks/default",
                "subnetwork_project": "freevmproject"
              }
            ],
            "project": "freevmproject",
            "scheduling": [
              {
                "automatic_restart": true,
                "node_affinities": [],
                "on_host_maintenance": "MIGRATE",
                "preemptible": false
              }
            ],
            "scratch_disk": [],
            "self_link": "https://www.googleapis.com/compute/v1/projects/freevmproject/zones/us-central1-a/instances/firstvm",
            "service_account": [],
            "shielded_instance_config": [],
            "tags": [],
            "tags_fingerprint": "42WmSpB8rSM=",
            "timeouts": null,
            "zone": "us-central1-a"
          },
          "private": "eyJlMmJmYjczMC1lY2FhLTExZTYtOGY4OC0zNDM2M2JjN2M0YzAiOnsiY3JlYXRlIjoxMjAwMDAwMDAwMDAwLCJkZWxldGUiOjEyMDAwMDAwMDAwMDAsInVwZGF0ZSI6MTIwMDAwMDAwMDAwMH0sInNjaGVtYV92ZXJzaW9uIjoiNiJ9"
        }
      ]
    }
  ]
}
